
Microsoft Visual Studio Solution File, Format Version 12.00
# Visual Studio Version 17
VisualStudioVersion = 17.11.35303.130
MinimumVisualStudioVersion = 10.0.40219.1
Project("{FAE04EC0-301F-11D3-BF4B-00C04F79EFBC}") = "JankenGame", "JankenGame\JankenGame.csproj", "{18C3168D-FB04-49A7-9596-CC35E01EC563}"
EndProject
Global
	GlobalSection(SolutionConfigurationPlatforms) = preSolution
		Debug|Any CPU = Debug|Any CPU
		Release|Any CPU = Release|Any CPU
	EndGlobalSection
	GlobalSection(ProjectConfigurationPlatforms) = postSolution
		{18C3168D-FB04-49A7-9596-CC35E01EC563}.Debug|Any CPU.ActiveCfg = Debug|Any CPU
		{18C3168D-FB04-49A7-9596-CC35E01EC563}.Debug|Any CPU.Build.0 = Debug|Any CPU
		{18C3168D-FB04-49A7-9596-CC35E01EC563}.Release|Any CPU.ActiveCfg = Release|Any CPU
		{18C3168D-FB04-49A7-9596-CC35E01EC563}.Release|Any CPU.Build.0 = Release|Any CPU
	EndGlobalSection
	GlobalSection(SolutionProperties) = preSolution
		HideSolutionNode = FALSE
	EndGlobalSection
	GlobalSection(ExtensibilityGlobals) = postSolution
		SolutionGuid = {EEE7505F-24D5-4429-BCE9-B6BD9BC09CFD}
	EndGlobalSection
EndGlobal
